
Microsoft Visual Studio Solution File, Format Version 12.00
# Visual Studio 14
VisualStudioVersion = 14.0.24720.0
MinimumVisualStudioVersion = 10.0.40219.1
Project("{FAE04EC0-301F-11D3-BF4B-00C04F79EFBC}") = "WoofSortingAlgorithm", "WoofSortingAlgorithm\WoofSortingAlgorithm.csproj", "{DAD5AFFB-0387-411F-B99B-F2449D8D9812}"
EndProject
Project("{FAE04EC0-301F-11D3-BF4B-00C04F79EFBC}") = "2dArray", "2dArray\2dArray.csproj", "{409ED306-E267-4AE8-976C-F821BEEFE5F8}"
EndProject
Global
	GlobalSection(SolutionConfigurationPlatforms) = preSolution
		Debug|Any CPU = Debug|Any CPU
		Release|Any CPU = Release|Any CPU
	EndGlobalSection
	GlobalSection(ProjectConfigurationPlatforms) = postSolution
		{DAD5AFFB-0387-411F-B99B-F2449D8D9812}.Debug|Any CPU.ActiveCfg = Debug|Any CPU
		{DAD5AFFB-0387-411F-B99B-F2449D8D9812}.Debug|Any CPU.Build.0 = Debug|Any CPU
		{DAD5AFFB-0387-411F-B99B-F2449D8D9812}.Release|Any CPU.ActiveCfg = Release|Any CPU
		{DAD5AFFB-0387-411F-B99B-F2449D8D9812}.Release|Any CPU.Build.0 = Release|Any CPU
		{409ED306-E267-4AE8-976C-F821BEEFE5F8}.Debug|Any CPU.ActiveCfg = Debug|Any CPU
		{409ED306-E267-4AE8-976C-F821BEEFE5F8}.Debug|Any CPU.Build.0 = Debug|Any CPU
		{409ED306-E267-4AE8-976C-F821BEEFE5F8}.Release|Any CPU.ActiveCfg = Release|Any CPU
		{409ED306-E267-4AE8-976C-F821BEEFE5F8}.Release|Any CPU.Build.0 = Release|Any CPU
	EndGlobalSection
	GlobalSection(SolutionProperties) = preSolution
		HideSolutionNode = FALSE
	EndGlobalSection
EndGlobal
